
Microsoft Visual Studio Solution File, Format Version 12.00
# Visual Studio Version 16
VisualStudioVersion = 25.0.1706.13
MinimumVisualStudioVersion = 10.0.40219.1
Project("{FAE04EC0-301F-11D3-BF4B-00C04F79EFBC}") = "ThirdHomeTask", "ThirdHomeTask\ThirdHomeTask.csproj", "{B13FEC32-3980-4492-93B5-8FC3E077A4DF}"
EndProject
Global
	GlobalSection(SolutionConfigurationPlatforms) = preSolution
		Debug|Any CPU = Debug|Any CPU
		Release|Any CPU = Release|Any CPU
	EndGlobalSection
	GlobalSection(ProjectConfigurationPlatforms) = postSolution
		{B13FEC32-3980-4492-93B5-8FC3E077A4DF}.Debug|Any CPU.ActiveCfg = Debug|Any CPU
		{B13FEC32-3980-4492-93B5-8FC3E077A4DF}.Debug|Any CPU.Build.0 = Debug|Any CPU
		{B13FEC32-3980-4492-93B5-8FC3E077A4DF}.Release|Any CPU.ActiveCfg = Release|Any CPU
		{B13FEC32-3980-4492-93B5-8FC3E077A4DF}.Release|Any CPU.Build.0 = Release|Any CPU
	EndGlobalSection
	GlobalSection(SolutionProperties) = preSolution
		HideSolutionNode = FALSE
	EndGlobalSection
	GlobalSection(ExtensibilityGlobals) = postSolution
		SolutionGuid = {34712BB6-36AF-4E9C-A3A7-3BADE59F4091}
	EndGlobalSection
EndGlobal
